// !$*UTF8*$!
{
	archiveVersion = 1;
	classes = {
	};
	objectVersion = 46;
	objects = {

/* Begin PBXBuildFile section */
		32D2ACAC91D49DB01D2F5246 /* Pods_JasperScholten_project.framework in Frameworks */ = {isa = PBXBuildFile; fileRef = 4E191C0B00AF4FE431497717 /* Pods_JasperScholten_project.framework */; };
		A44A84D31E24D7B90059F971 /* AppDelegate.swift in Sources */ = {isa = PBXBuildFile; fileRef = A44A84D21E24D7B90059F971 /* AppDelegate.swift */; };
		A44A84D51E24D7B90059F971 /* LoginVC.swift in Sources */ = {isa = PBXBuildFile; fileRef = A44A84D41E24D7B90059F971 /* LoginVC.swift */; };
		A44A84D81E24D7B90059F971 /* Main.storyboard in Resources */ = {isa = PBXBuildFile; fileRef = A44A84D61E24D7B90059F971 /* Main.storyboard */; };
		A44A84DA1E24D7B90059F971 /* Assets.xcassets in Resources */ = {isa = PBXBuildFile; fileRef = A44A84D91E24D7B90059F971 /* Assets.xcassets */; };
		A44A84DD1E24D7B90059F971 /* LaunchScreen.storyboard in Resources */ = {isa = PBXBuildFile; fileRef = A44A84DB1E24D7B90059F971 /* LaunchScreen.storyboard */; };
		A48593CE1E26406B007B86AB /* GoogleService-Info.plist in Resources */ = {isa = PBXBuildFile; fileRef = A48593CD1E26406B007B86AB /* GoogleService-Info.plist */; };
		A48593D01E265939007B86AB /* MainMenuCell.swift in Sources */ = {isa = PBXBuildFile; fileRef = A48593CF1E265939007B86AB /* MainMenuCell.swift */; };
		A48593D41E265A86007B86AB /* MainMenuVC.swift in Sources */ = {isa = PBXBuildFile; fileRef = A48593D31E265A86007B86AB /* MainMenuVC.swift */; };
		A48593D61E2669AB007B86AB /* ReviewEmployeeVC.swift in Sources */ = {isa = PBXBuildFile; fileRef = A48593D51E2669AB007B86AB /* ReviewEmployeeVC.swift */; };
		A48593D81E266C20007B86AB /* EmployeeCell.swift in Sources */ = {isa = PBXBuildFile; fileRef = A48593D71E266C20007B86AB /* EmployeeCell.swift */; };
		A48593DB1E267328007B86AB /* NewReviewVC.swift in Sources */ = {isa = PBXBuildFile; fileRef = A48593DA1E267328007B86AB /* NewReviewVC.swift */; };
		A48593DD1E26771B007B86AB /* NewReviewCell.swift in Sources */ = {isa = PBXBuildFile; fileRef = A48593DC1E26771B007B86AB /* NewReviewCell.swift */; };
/* End PBXBuildFile section */

/* Begin PBXFileReference section */
		4E191C0B00AF4FE431497717 /* Pods_JasperScholten_project.framework */ = {isa = PBXFileReference; explicitFileType = wrapper.framework; includeInIndex = 0; path = Pods_JasperScholten_project.framework; sourceTree = BUILT_PRODUCTS_DIR; };
		70A9456A4A13E77E3E3E7CE0 /* Pods-JasperScholten-project.debug.xcconfig */ = {isa = PBXFileReference; includeInIndex = 1; lastKnownFileType = text.xcconfig; name = "Pods-JasperScholten-project.debug.xcconfig"; path = "Pods/Target Support Files/Pods-JasperScholten-project/Pods-JasperScholten-project.debug.xcconfig"; sourceTree = "<group>"; };
		923E38BF60ECF7CC9110B455 /* Pods-JasperScholten-project.release.xcconfig */ = {isa = PBXFileReference; includeInIndex = 1; lastKnownFileType = text.xcconfig; name = "Pods-JasperScholten-project.release.xcconfig"; path = "Pods/Target Support Files/Pods-JasperScholten-project/Pods-JasperScholten-project.release.xcconfig"; sourceTree = "<group>"; };
		A44A84CF1E24D7B90059F971 /* JasperScholten-project.app */ = {isa = PBXFileReference; explicitFileType = wrapper.application; includeInIndex = 0; path = "JasperScholten-project.app"; sourceTree = BUILT_PRODUCTS_DIR; };
		A44A84D21E24D7B90059F971 /* AppDelegate.swift */ = {isa = PBXFileReference; lastKnownFileType = sourcecode.swift; path = AppDelegate.swift; sourceTree = "<group>"; };
		A44A84D41E24D7B90059F971 /* LoginVC.swift */ = {isa = PBXFileReference; lastKnownFileType = sourcecode.swift; path = LoginVC.swift; sourceTree = "<group>"; };
		A44A84D71E24D7B90059F971 /* Base */ = {isa = PBXFileReference; lastKnownFileType = file.storyboard; name = Base; path = Base.lproj/Main.storyboard; sourceTree = "<group>"; };
		A44A84D91E24D7B90059F971 /* Assets.xcassets */ = {isa = PBXFileReference; lastKnownFileType = folder.assetcatalog; path = Assets.xcassets; sourceTree = "<group>"; };
		A44A84DC1E24D7B90059F971 /* Base */ = {isa = PBXFileReference; lastKnownFileType = file.storyboard; name = Base; path = Base.lproj/LaunchScreen.storyboard; sourceTree = "<group>"; };
		A44A84DE1E24D7B90059F971 /* Info.plist */ = {isa = PBXFileReference; lastKnownFileType = text.plist.xml; path = Info.plist; sourceTree = "<group>"; };
		A48593CD1E26406B007B86AB /* GoogleService-Info.plist */ = {isa = PBXFileReference; fileEncoding = 4; lastKnownFileType = text.plist.xml; path = "GoogleService-Info.plist"; sourceTree = "<group>"; };
		A48593CF1E265939007B86AB /* MainMenuCell.swift */ = {isa = PBXFileReference; fileEncoding = 4; lastKnownFileType = sourcecode.swift; path = MainMenuCell.swift; sourceTree = "<group>"; };
		A48593D31E265A86007B86AB /* MainMenuVC.swift */ = {isa = PBXFileReference; fileEncoding = 4; lastKnownFileType = sourcecode.swift; path = MainMenuVC.swift; sourceTree = "<group>"; };
		A48593D51E2669AB007B86AB /* ReviewEmployeeVC.swift */ = {isa = PBXFileReference; fileEncoding = 4; lastKnownFileType = sourcecode.swift; path = ReviewEmployeeVC.swift; sourceTree = "<group>"; };
		A48593D71E266C20007B86AB /* EmployeeCell.swift */ = {isa = PBXFileReference; fileEncoding = 4; lastKnownFileType = sourcecode.swift; path = EmployeeCell.swift; sourceTree = "<group>"; };
		A48593DA1E267328007B86AB /* NewReviewVC.swift */ = {isa = PBXFileReference; fileEncoding = 4; lastKnownFileType = sourcecode.swift; path = NewReviewVC.swift; sourceTree = "<group>"; };
		A48593DC1E26771B007B86AB /* NewReviewCell.swift */ = {isa = PBXFileReference; fileEncoding = 4; lastKnownFileType = sourcecode.swift; path = NewReviewCell.swift; sourceTree = "<group>"; };
/* End PBXFileReference section */

/* Begin PBXFrameworksBuildPhase section */
		A44A84CC1E24D7B80059F971 /* Frameworks */ = {
			isa = PBXFrameworksBuildPhase;
			buildActionMask = 2147483647;
			files = (
				32D2ACAC91D49DB01D2F5246 /* Pods_JasperScholten_project.framework in Frameworks */,
			);
			runOnlyForDeploymentPostprocessing = 0;
		};
/* End PBXFrameworksBuildPhase section */

/* Begin PBXGroup section */
		A44A84C61E24D7B80059F971 = {
			isa = PBXGroup;
			children = (
				A44A84D11E24D7B90059F971 /* JasperScholten-project */,
				A44A84D01E24D7B90059F971 /* Products */,
				EBD8A7F9C529B2CE5C947259 /* Pods */,
				B5B5D70497DA8C274DA595F4 /* Frameworks */,
			);
			sourceTree = "<group>";
		};
		A44A84D01E24D7B90059F971 /* Products */ = {
			isa = PBXGroup;
			children = (
				A44A84CF1E24D7B90059F971 /* JasperScholten-project.app */,
			);
			name = Products;
			sourceTree = "<group>";
		};
		A44A84D11E24D7B90059F971 /* JasperScholten-project */ = {
			isa = PBXGroup;
			children = (
				A48593D21E265975007B86AB /* Cells */,
				A48593D11E26596A007B86AB /* ViewControllers */,
				A44A84D21E24D7B90059F971 /* AppDelegate.swift */,
				A44A84D61E24D7B90059F971 /* Main.storyboard */,
				A44A84D91E24D7B90059F971 /* Assets.xcassets */,
				A44A84DB1E24D7B90059F971 /* LaunchScreen.storyboard */,
				A44A84DE1E24D7B90059F971 /* Info.plist */,
				A48593CD1E26406B007B86AB /* GoogleService-Info.plist */,
			);
			path = "JasperScholten-project";
			sourceTree = "<group>";
		};
		A48593D11E26596A007B86AB /* ViewControllers */ = {
			isa = PBXGroup;
			children = (
				A44A84D41E24D7B90059F971 /* LoginVC.swift */,
				A48593D31E265A86007B86AB /* MainMenuVC.swift */,
				A48593D51E2669AB007B86AB /* ReviewEmployeeVC.swift */,
				A48593DA1E267328007B86AB /* NewReviewVC.swift */,
			);
			name = ViewControllers;
			sourceTree = "<group>";
		};
		A48593D21E265975007B86AB /* Cells */ = {
			isa = PBXGroup;
			children = (
				A48593CF1E265939007B86AB /* MainMenuCell.swift */,
				A48593D71E266C20007B86AB /* EmployeeCell.swift */,
				A48593DC1E26771B007B86AB /* NewReviewCell.swift */,
			);
			name = Cells;
			sourceTree = "<group>";
		};
		B5B5D70497DA8C274DA595F4 /* Frameworks */ = {
			isa = PBXGroup;
			children = (
				4E191C0B00AF4FE431497717 /* Pods_JasperScholten_project.framework */,
			);
			name = Frameworks;
			sourceTree = "<group>";
		};
		EBD8A7F9C529B2CE5C947259 /* Pods */ = {
			isa = PBXGroup;
			children = (
				70A9456A4A13E77E3E3E7CE0 /* Pods-JasperScholten-project.debug.xcconfig */,
				923E38BF60ECF7CC9110B455 /* Pods-JasperScholten-project.release.xcconfig */,
			);
			name = Pods;
			sourceTree = "<group>";
		};
/* End PBXGroup section */

/* Begin PBXNativeTarget section */
		A44A84CE1E24D7B80059F971 /* JasperScholten-project */ = {
			isa = PBXNativeTarget;
			buildConfigurationList = A44A84E11E24D7B90059F971 /* Build configuration list for PBXNativeTarget "JasperScholten-project" */;
			buildPhases = (
				02387E3A46C3CA05A1F666D9 /* [CP] Check Pods Manifest.lock */,
				A44A84CB1E24D7B80059F971 /* Sources */,
				A44A84CC1E24D7B80059F971 /* Frameworks */,
				A44A84CD1E24D7B80059F971 /* Resources */,
				00D9F062C2F45DD115BC4FEB /* [CP] Embed Pods Frameworks */,
				E11AB9CCDBFBB3E2E68A92F4 /* [CP] Copy Pods Resources */,
			);
			buildRules = (
			);
			dependencies = (
			);
			name = "JasperScholten-project";
			productName = "JasperScholten-project";
			productReference = A44A84CF1E24D7B90059F971 /* JasperScholten-project.app */;
			productType = "com.apple.product-type.application";
		};
/* End PBXNativeTarget section */

/* Begin PBXProject section */
		A44A84C71E24D7B80059F971 /* Project object */ = {
			isa = PBXProject;
			attributes = {
				LastSwiftUpdateCheck = 0820;
				LastUpgradeCheck = 0820;
				ORGANIZATIONNAME = "Jasper Scholten";
				TargetAttributes = {
					A44A84CE1E24D7B80059F971 = {
						CreatedOnToolsVersion = 8.2.1;
						DevelopmentTeam = 3F7K5ABT44;
						ProvisioningStyle = Automatic;
					};
				};
			};
			buildConfigurationList = A44A84CA1E24D7B80059F971 /* Build configuration list for PBXProject "JasperScholten-project" */;
			compatibilityVersion = "Xcode 3.2";
			developmentRegion = English;
			hasScannedForEncodings = 0;
			knownRegions = (
				en,
				Base,
			);
			mainGroup = A44A84C61E24D7B80059F971;
			productRefGroup = A44A84D01E24D7B90059F971 /* Products */;
			projectDirPath = "";
			projectRoot = "";
			targets = (
				A44A84CE1E24D7B80059F971 /* JasperScholten-project */,
			);
		};
/* End PBXProject section */

/* Begin PBXResourcesBuildPhase section */
		A44A84CD1E24D7B80059F971 /* Resources */ = {
			isa = PBXResourcesBuildPhase;
			buildActionMask = 2147483647;
			files = (
				A44A84DD1E24D7B90059F971 /* LaunchScreen.storyboard in Resources */,
				A48593CE1E26406B007B86AB /* GoogleService-Info.plist in Resources */,
				A44A84DA1E24D7B90059F971 /* Assets.xcassets in Resources */,
				A44A84D81E24D7B90059F971 /* Main.storyboard in Resources */,
			);
			runOnlyForDeploymentPostprocessing = 0;
		};
/* End PBXResourcesBuildPhase section */

/* Begin PBXShellScriptBuildPhase section */
		00D9F062C2F45DD115BC4FEB /* [CP] Embed Pods Frameworks */ = {
			isa = PBXShellScriptBuildPhase;
			buildActionMask = 2147483647;
			files = (
			);
			inputPaths = (
			);
			name = "[CP] Embed Pods Frameworks";
			outputPaths = (
			);
			runOnlyForDeploymentPostprocessing = 0;
			shellPath = /bin/sh;
			shellScript = "\"${SRCROOT}/Pods/Target Support Files/Pods-JasperScholten-project/Pods-JasperScholten-project-frameworks.sh\"\n";
			showEnvVarsInLog = 0;
		};
		02387E3A46C3CA05A1F666D9 /* [CP] Check Pods Manifest.lock */ = {
			isa = PBXShellScriptBuildPhase;
			buildActionMask = 2147483647;
			files = (
			);
			inputPaths = (
			);
			name = "[CP] Check Pods Manifest.lock";
			outputPaths = (
			);
			runOnlyForDeploymentPostprocessing = 0;
			shellPath = /bin/sh;
			shellScript = "diff \"${PODS_ROOT}/../Podfile.lock\" \"${PODS_ROOT}/Manifest.lock\" > /dev/null\nif [ $? != 0 ] ; then\n    # print error to STDERR\n    echo \"error: The sandbox is not in sync with the Podfile.lock. Run 'pod install' or update your CocoaPods installation.\" >&2\n    exit 1\nfi\n";
			showEnvVarsInLog = 0;
		};
		E11AB9CCDBFBB3E2E68A92F4 /* [CP] Copy Pods Resources */ = {
			isa = PBXShellScriptBuildPhase;
			buildActionMask = 2147483647;
			files = (
			);
			inputPaths = (
			);
			name = "[CP] Copy Pods Resources";
			outputPaths = (
			);
			runOnlyForDeploymentPostprocessing = 0;
			shellPath = /bin/sh;
			shellScript = "\"${SRCROOT}/Pods/Target Support Files/Pods-JasperScholten-project/Pods-JasperScholten-project-resources.sh\"\n";
			showEnvVarsInLog = 0;
		};
/* End PBXShellScriptBuildPhase section */

/* Begin PBXSourcesBuildPhase section */
		A44A84CB1E24D7B80059F971 /* Sources */ = {
			isa = PBXSourcesBuildPhase;
			buildActionMask = 2147483647;
			files = (
				A44A84D51E24D7B90059F971 /* LoginVC.swift in Sources */,
				A48593D01E265939007B86AB /* MainMenuCell.swift in Sources */,
				A48593DD1E26771B007B86AB /* NewReviewCell.swift in Sources */,
				A48593D61E2669AB007B86AB /* ReviewEmployeeVC.swift in Sources */,
				A48593DB1E267328007B86AB /* NewReviewVC.swift in Sources */,
				A48593D81E266C20007B86AB /* EmployeeCell.swift in Sources */,
				A48593D41E265A86007B86AB /* MainMenuVC.swift in Sources */,
				A44A84D31E24D7B90059F971 /* AppDelegate.swift in Sources */,
			);
			runOnlyForDeploymentPostprocessing = 0;
		};
/* End PBXSourcesBuildPhase section */

/* Begin PBXVariantGroup section */
		A44A84D61E24D7B90059F971 /* Main.storyboard */ = {
			isa = PBXVariantGroup;
			children = (
				A44A84D71E24D7B90059F971 /* Base */,
			);
			name = Main.storyboard;
			sourceTree = "<group>";
		};
		A44A84DB1E24D7B90059F971 /* LaunchScreen.storyboard */ = {
			isa = PBXVariantGroup;
			children = (
				A44A84DC1E24D7B90059F971 /* Base */,
			);
			name = LaunchScreen.storyboard;
			sourceTree = "<group>";
		};
/* End PBXVariantGroup section */

/* Begin XCBuildConfiguration section */
		A44A84DF1E24D7B90059F971 /* Debug */ = {
			isa = XCBuildConfiguration;
			buildSettings = {
				ALWAYS_SEARCH_USER_PATHS = NO;
				CLANG_ANALYZER_NONNULL = YES;
				CLANG_CXX_LANGUAGE_STANDARD = "gnu++0x";
				CLANG_CXX_LIBRARY = "libc++";
				CLANG_ENABLE_MODULES = YES;
				CLANG_ENABLE_OBJC_ARC = YES;
				CLANG_WARN_BOOL_CONVERSION = YES;
				CLANG_WARN_CONSTANT_CONVERSION = YES;
				CLANG_WARN_DIRECT_OBJC_ISA_USAGE = YES_ERROR;
				CLANG_WARN_DOCUMENTATION_COMMENTS = YES;
				CLANG_WARN_EMPTY_BODY = YES;
				CLANG_WARN_ENUM_CONVERSION = YES;
				CLANG_WARN_INFINITE_RECURSION = YES;
				CLANG_WARN_INT_CONVERSION = YES;
				CLANG_WARN_OBJC_ROOT_CLASS = YES_ERROR;
				CLANG_WARN_SUSPICIOUS_MOVE = YES;
				CLANG_WARN_UNREACHABLE_CODE = YES;
				CLANG_WARN__DUPLICATE_METHOD_MATCH = YES;
				"CODE_SIGN_IDENTITY[sdk=iphoneos*]" = "iPhone Developer";
				COPY_PHASE_STRIP = NO;
				DEBUG_INFORMATION_FORMAT = dwarf;
				ENABLE_STRICT_OBJC_MSGSEND = YES;
				ENABLE_TESTABILITY = YES;
				GCC_C_LANGUAGE_STANDARD = gnu99;
				GCC_DYNAMIC_NO_PIC = NO;
				GCC_NO_COMMON_BLOCKS = YES;
				GCC_OPTIMIZATION_LEVEL = 0;
				GCC_PREPROCESSOR_DEFINITIONS = (
					"DEBUG=1",
					"$(inherited)",
				);
				GCC_WARN_64_TO_32_BIT_CONVERSION = YES;
				GCC_WARN_ABOUT_RETURN_TYPE = YES_ERROR;
				GCC_WARN_UNDECLARED_SELECTOR = YES;
				GCC_WARN_UNINITIALIZED_AUTOS = YES_AGGRESSIVE;
				GCC_WARN_UNUSED_FUNCTION = YES;
				GCC_WARN_UNUSED_VARIABLE = YES;
				IPHONEOS_DEPLOYMENT_TARGET = 10.2;
				MTL_ENABLE_DEBUG_INFO = YES;
				ONLY_ACTIVE_ARCH = YES;
				SDKROOT = iphoneos;
				SWIFT_ACTIVE_COMPILATION_CONDITIONS = DEBUG;
				SWIFT_OPTIMIZATION_LEVEL = "-Onone";
				TARGETED_DEVICE_FAMILY = "1,2";
			};
			name = Debug;
		};
		A44A84E01E24D7B90059F971 /* Release */ = {
			isa = XCBuildConfiguration;
			buildSettings = {
				ALWAYS_SEARCH_USER_PATHS = NO;
				CLANG_ANALYZER_NONNULL = YES;
				CLANG_CXX_LANGUAGE_STANDARD = "gnu++0x";
				CLANG_CXX_LIBRARY = "libc++";
				CLANG_ENABLE_MODULES = YES;
				CLANG_ENABLE_OBJC_ARC = YES;
				CLANG_WARN_BOOL_CONVERSION = YES;
				CLANG_WARN_CONSTANT_CONVERSION = YES;
				CLANG_WARN_DIRECT_OBJC_ISA_USAGE = YES_ERROR;
				CLANG_WARN_DOCUMENTATION_COMMENTS = YES;
				CLANG_WARN_EMPTY_BODY = YES;
				CLANG_WARN_ENUM_CONVERSION = YES;
				CLANG_WARN_INFINITE_RECURSION = YES;
				CLANG_WARN_INT_CONVERSION = YES;
				CLANG_WARN_OBJC_ROOT_CLASS = YES_ERROR;
				CLANG_WARN_SUSPICIOUS_MOVE = YES;
				CLANG_WARN_UNREACHABLE_CODE = YES;
				CLANG_WARN__DUPLICATE_METHOD_MATCH = YES;
				"CODE_SIGN_IDENTITY[sdk=iphoneos*]" = "iPhone Developer";
				COPY_PHASE_STRIP = NO;
				DEBUG_INFORMATION_FORMAT = "dwarf-with-dsym";
				ENABLE_NS_ASSERTIONS = NO;
				ENABLE_STRICT_OBJC_MSGSEND = YES;
				GCC_C_LANGUAGE_STANDARD = gnu99;
				GCC_NO_COMMON_BLOCKS = YES;
				GCC_WARN_64_TO_32_BIT_CONVERSION = YES;
				GCC_WARN_ABOUT_RETURN_TYPE = YES_ERROR;
				GCC_WARN_UNDECLARED_SELECTOR = YES;
				GCC_WARN_UNINITIALIZED_AUTOS = YES_AGGRESSIVE;
				GCC_WARN_UNUSED_FUNCTION = YES;
				GCC_WARN_UNUSED_VARIABLE = YES;
				IPHONEOS_DEPLOYMENT_TARGET = 10.2;
				MTL_ENABLE_DEBUG_INFO = NO;
				SDKROOT = iphoneos;
				SWIFT_OPTIMIZATION_LEVEL = "-Owholemodule";
				TARGETED_DEVICE_FAMILY = "1,2";
				VALIDATE_PRODUCT = YES;
			};
			name = Release;
		};
		A44A84E21E24D7B90059F971 /* Debug */ = {
			isa = XCBuildConfiguration;
			baseConfigurationReference = 70A9456A4A13E77E3E3E7CE0 /* Pods-JasperScholten-project.debug.xcconfig */;
			buildSettings = {
				ASSETCATALOG_COMPILER_APPICON_NAME = AppIcon;
				DEVELOPMENT_TEAM = 3F7K5ABT44;
				INFOPLIST_FILE = "JasperScholten-project/Info.plist";
				LD_RUNPATH_SEARCH_PATHS = "$(inherited) @executable_path/Frameworks";
				PRODUCT_BUNDLE_IDENTIFIER = "nl.mprog.JasperScholten-project";
				PRODUCT_NAME = "$(TARGET_NAME)";
				SWIFT_VERSION = 3.0;
			};
			name = Debug;
		};
		A44A84E31E24D7B90059F971 /* Release */ = {
			isa = XCBuildConfiguration;
			baseConfigurationReference = 923E38BF60ECF7CC9110B455 /* Pods-JasperScholten-project.release.xcconfig */;
			buildSettings = {
				ASSETCATALOG_COMPILER_APPICON_NAME = AppIcon;
				DEVELOPMENT_TEAM = 3F7K5ABT44;
				INFOPLIST_FILE = "JasperScholten-project/Info.plist";
				LD_RUNPATH_SEARCH_PATHS = "$(inherited) @executable_path/Frameworks";
				PRODUCT_BUNDLE_IDENTIFIER = "nl.mprog.JasperScholten-project";
				PRODUCT_NAME = "$(TARGET_NAME)";
				SWIFT_VERSION = 3.0;
			};
			name = Release;
		};
/* End XCBuildConfiguration section */

/* Begin XCConfigurationList section */
		A44A84CA1E24D7B80059F971 /* Build configuration list for PBXProject "JasperScholten-project" */ = {
			isa = XCConfigurationList;
			buildConfigurations = (
				A44A84DF1E24D7B90059F971 /* Debug */,
				A44A84E01E24D7B90059F971 /* Release */,
			);
			defaultConfigurationIsVisible = 0;
			defaultConfigurationName = Release;
		};
		A44A84E11E24D7B90059F971 /* Build configuration list for PBXNativeTarget "JasperScholten-project" */ = {
			isa = XCConfigurationList;
			buildConfigurations = (
				A44A84E21E24D7B90059F971 /* Debug */,
				A44A84E31E24D7B90059F971 /* Release */,
			);
			defaultConfigurationIsVisible = 0;
			defaultConfigurationName = Release;
		};
/* End XCConfigurationList section */
	};
	rootObject = A44A84C71E24D7B80059F971 /* Project object */;
}
